
Microsoft Visual Studio Solution File, Format Version 12.00
# Visual Studio 15
VisualStudioVersion = 15.0.26730.16
MinimumVisualStudioVersion = 10.0.40219.1
Project("{FAE04EC0-301F-11D3-BF4B-00C04F79EFBC}") = "Lab6_Pig_Latin_Translation", "Lab6_Pig_Latin_Translation\Lab6_Pig_Latin_Translation.csproj", "{9FC7F28E-DF48-4D5E-80B5-2EF47BF96AF8}"
EndProject
Project("{2150E333-8FDC-42A3-9474-1A3956D46DE8}") = "Solution Items", "Solution Items", "{B146FEC4-28DE-4BE4-8445-9649E5D80206}"
	ProjectSection(SolutionItems) = preProject
		.gitignore = .gitignore
	EndProjectSection
EndProject
Global
	GlobalSection(SolutionConfigurationPlatforms) = preSolution
		Debug|Any CPU = Debug|Any CPU
		Release|Any CPU = Release|Any CPU
	EndGlobalSection
	GlobalSection(ProjectConfigurationPlatforms) = postSolution
		{9FC7F28E-DF48-4D5E-80B5-2EF47BF96AF8}.Debug|Any CPU.ActiveCfg = Debug|Any CPU
		{9FC7F28E-DF48-4D5E-80B5-2EF47BF96AF8}.Debug|Any CPU.Build.0 = Debug|Any CPU
		{9FC7F28E-DF48-4D5E-80B5-2EF47BF96AF8}.Release|Any CPU.ActiveCfg = Release|Any CPU
		{9FC7F28E-DF48-4D5E-80B5-2EF47BF96AF8}.Release|Any CPU.Build.0 = Release|Any CPU
	EndGlobalSection
	GlobalSection(SolutionProperties) = preSolution
		HideSolutionNode = FALSE
	EndGlobalSection
	GlobalSection(ExtensibilityGlobals) = postSolution
		SolutionGuid = {A79C00B0-6D59-458A-AA48-C4D2C11928FD}
	EndGlobalSection
EndGlobal
